
Microsoft Visual Studio Solution File, Format Version 12.00
# Visual Studio Version 17
VisualStudioVersion = 17.0.31825.309
MinimumVisualStudioVersion = 10.0.40219.1
Project("{FAE04EC0-301F-11D3-BF4B-00C04F79EFBC}") = "WebApplication1", "WebApplication1.csproj", "{F4BB5D9E-FA5F-4910-8B22-BA6874AE144A}"
EndProject
Global
	GlobalSection(SolutionConfigurationPlatforms) = preSolution
		Debug|Any CPU = Debug|Any CPU
		Release|Any CPU = Release|Any CPU
	EndGlobalSection
	GlobalSection(ProjectConfigurationPlatforms) = postSolution
		{F4BB5D9E-FA5F-4910-8B22-BA6874AE144A}.Debug|Any CPU.ActiveCfg = Debug|Any CPU
		{F4BB5D9E-FA5F-4910-8B22-BA6874AE144A}.Debug|Any CPU.Build.0 = Debug|Any CPU
		{F4BB5D9E-FA5F-4910-8B22-BA6874AE144A}.Release|Any CPU.ActiveCfg = Release|Any CPU
		{F4BB5D9E-FA5F-4910-8B22-BA6874AE144A}.Release|Any CPU.Build.0 = Release|Any CPU
	EndGlobalSection
	GlobalSection(SolutionProperties) = preSolution
		HideSolutionNode = FALSE
	EndGlobalSection
	GlobalSection(ExtensibilityGlobals) = postSolution
		SolutionGuid = {C2E2292A-A16F-4245-93DA-5BD93EA31C9C}
	EndGlobalSection
EndGlobal
